{
  "version": 4,
  "terraform_version": "0.12.24",
  "serial": 46,
  "lineage": "b99a035a-0e0b-e8ab-27cb-c1275962346a",
  "outputs": {},
  "resources": [
    {
      "module": "module.terraform-mongodb",
      "mode": "data",
      "type": "aws_ami",
      "name": "image",
      "provider": "provider.aws",
      "instances": [
        {
          "schema_version": 0,
          "attributes": {
            "architecture": "x86_64",
            "block_device_mappings": [
              {
                "device_name": "/dev/sda1",
                "ebs": {
                  "delete_on_termination": "true",
                  "encrypted": "false",
                  "iops": "0",
                  "snapshot_id": "snap-025b9cd5e7c31f818",
                  "volume_size": "8",
                  "volume_type": "gp2"
                },
                "no_device": "",
                "virtual_name": ""
              },
              {
                "device_name": "/dev/sdb",
                "ebs": {},
                "no_device": "",
                "virtual_name": "ephemeral0"
              },
              {
                "device_name": "/dev/sdc",
                "ebs": {},
                "no_device": "",
                "virtual_name": "ephemeral1"
              }
            ],
            "creation_date": "2020-05-01T06:58:31.000Z",
            "description": null,
            "executable_users": null,
            "filter": [
              {
                "name": "name",
                "values": [
                  "ubuntu-18.04_mongodb-4.2_*"
                ]
              }
            ],
            "hypervisor": "xen",
            "id": "ami-04620eee0f396d061",
            "image_id": "ami-04620eee0f396d061",
            "image_location": "414081954578/ubuntu-18.04_mongodb-4.2_1588316224",
            "image_owner_alias": null,
            "image_type": "machine",
            "kernel_id": null,
            "most_recent": true,
            "name": "ubuntu-18.04_mongodb-4.2_1588316224",
            "name_regex": null,
            "owner_id": "414081954578",
            "owners": [
              "self"
            ],
            "platform": null,
            "product_codes": [],
            "public": false,
            "ramdisk_id": null,
            "root_device_name": "/dev/sda1",
            "root_device_type": "ebs",
            "root_snapshot_id": "snap-025b9cd5e7c31f818",
            "sriov_net_support": "simple",
            "state": "available",
            "state_reason": {
              "code": "UNSET",
              "message": "UNSET"
            },
            "tags": {
              "OS_Version": "Ubuntu"
            },
            "virtualization_type": "hvm"
          }
        }
      ]
    },
    {
      "module": "module.terraform-mongodb",
      "mode": "data",
      "type": "template_cloudinit_config",
      "name": "userdata",
      "provider": "provider.template",
      "instances": [
        {
          "schema_version": 0,
          "attributes": {
            "base64_encode": true,
            "gzip": true,
            "id": "2515624676",
            "part": [
              {
                "content": "Content-Type: multipart/mixed; boundary=\"//\"\nMIME-Version: 1.0\n\n--//\nContent-Type: text/cloud-config; charset=\"us-ascii\"\nMIME-Version: 1.0\nContent-Transfer-Encoding: 7bit\nContent-Disposition: attachment; filename=\"cloud-config.txt\"\n\n#cloud-config\ncloud_final_modules:\n- [scripts-user, always]\n\n--//\nContent-Type: text/x-shellscript; charset=\"us-ascii\"\nMIME-Version: 1.0\nContent-Transfer-Encoding: 7bit\nContent-Disposition: attachment; filename=\"userdata.txt\"\n\n#!/bin/bash\nsudo systemctl daemon-reload\nsudo systemctl start mongod\t",
                "content_type": "text/cloud-config",
                "filename": "init.cfg",
                "merge_type": ""
              }
            ],
            "rendered": "H4sIAAAAAAAA/7ySz+vTQBDFzy7kf1jj1e3qSUjpQf1+Dx6qIFUQkTLZnSQD+yPsTDD576WVYqiV6sXj7L55732WfZuTYBJzWEZsdJyC0AhFbKQZ/Va3eUoeyrKr9+/2j28+fHr/8Prjl1qdJvMZC1NOjX65eVGpShmzFlXq4v1APGYmOWtBBNwQMclWdxQwQcRdTYlk47q+/rV1KJC4w2Iek8ueUt/oVy3JSnCuLDiLdSFP3ricOuortaeIv5X7a1Brb+ApZYy196K32g1QGGVXT2yAHdEtrzuE//Ju6/SNzFIr9Wx9ps7DsaME4RiznwJyo4z+yq7QKGwmxvJcQ/gOC3/7M+VseMAQfm79f8xTSw8CF8SntqVkW+BB8eSz5oUFo5OgPWDMyRQMGfz1JQsU0TGnPvsn1//VmEr9CAAA//+rP45NDgMAAA=="
          }
        }
      ]
    },
    {
      "module": "module.terraform-mongodb",
      "mode": "data",
      "type": "template_file",
      "name": "script",
      "provider": "provider.template",
      "instances": [
        {
          "schema_version": 0,
          "attributes": {
            "filename": null,
            "id": "98ea6d42c2e6f6453567bf2a20041f5190fbb680addee83c81a8532b17ac0315",
            "rendered": "Content-Type: multipart/mixed; boundary=\"//\"\nMIME-Version: 1.0\n\n--//\nContent-Type: text/cloud-config; charset=\"us-ascii\"\nMIME-Version: 1.0\nContent-Transfer-Encoding: 7bit\nContent-Disposition: attachment; filename=\"cloud-config.txt\"\n\n#cloud-config\ncloud_final_modules:\n- [scripts-user, always]\n\n--//\nContent-Type: text/x-shellscript; charset=\"us-ascii\"\nMIME-Version: 1.0\nContent-Transfer-Encoding: 7bit\nContent-Disposition: attachment; filename=\"userdata.txt\"\n\n#!/bin/bash\nsudo systemctl daemon-reload\nsudo systemctl start mongod\t",
            "template": "Content-Type: multipart/mixed; boundary=\"//\"\nMIME-Version: 1.0\n\n--//\nContent-Type: text/cloud-config; charset=\"us-ascii\"\nMIME-Version: 1.0\nContent-Transfer-Encoding: 7bit\nContent-Disposition: attachment; filename=\"cloud-config.txt\"\n\n#cloud-config\ncloud_final_modules:\n- [scripts-user, always]\n\n--//\nContent-Type: text/x-shellscript; charset=\"us-ascii\"\nMIME-Version: 1.0\nContent-Transfer-Encoding: 7bit\nContent-Disposition: attachment; filename=\"userdata.txt\"\n\n#!/bin/bash\nsudo systemctl daemon-reload\nsudo systemctl start mongod\t",
            "vars": null
          }
        }
      ]
    },
    {
      "module": "module.terraform-mongodb",
      "mode": "managed",
      "type": "aws_instance",
      "name": "mongodb",
      "each": "list",
      "provider": "provider.aws",
      "instances": [
        {
          "index_key": 0,
          "schema_version": 1,
          "attributes": {
            "ami": "ami-04620eee0f396d061",
            "arn": "arn:aws:ec2:ap-south-1:414081954578:instance/i-0f36529f63bd88c7f",
            "associate_public_ip_address": true,
            "availability_zone": "ap-south-1a",
            "cpu_core_count": 1,
            "cpu_threads_per_core": 1,
            "credit_specification": [
              {
                "cpu_credits": "standard"
              }
            ],
            "disable_api_termination": false,
            "ebs_block_device": [],
            "ebs_optimized": false,
            "ephemeral_block_device": [],
            "get_password_data": false,
            "hibernation": false,
            "host_id": null,
            "iam_instance_profile": "",
            "id": "i-0f36529f63bd88c7f",
            "instance_initiated_shutdown_behavior": null,
            "instance_state": "running",
            "instance_type": "t2.micro",
            "ipv6_address_count": 0,
            "ipv6_addresses": [],
            "key_name": "deployer-key1",
            "metadata_options": [
              {
                "http_endpoint": "enabled",
                "http_put_response_hop_limit": 1,
                "http_tokens": "optional"
              }
            ],
            "monitoring": false,
            "network_interface": [],
            "network_interface_id": null,
            "password_data": "",
            "placement_group": "",
            "primary_network_interface_id": "eni-0c93851863c3c06de",
            "private_dns": "ip-10-0-1-214.ap-south-1.compute.internal",
            "private_ip": "10.0.1.214",
            "public_dns": "",
            "public_ip": "13.233.161.161",
            "root_block_device": [
              {
                "delete_on_termination": true,
                "device_name": "/dev/sda1",
                "encrypted": false,
                "iops": 100,
                "kms_key_id": "",
                "volume_id": "vol-012a55732ffec931e",
                "volume_size": 8,
                "volume_type": "gp2"
              }
            ],
            "security_groups": [],
            "source_dest_check": true,
            "subnet_id": "subnet-0a627eb1e893c69a6",
            "tags": {
              "Name": "New packer mongo"
            },
            "tenancy": "default",
            "timeouts": null,
            "user_data": "9f78dbd274646efc1c8af531de5d045e94bf0c2d",
            "user_data_base64": null,
            "volume_tags": {},
            "vpc_security_group_ids": [
              "sg-07afb7d0a8f3c9864"
            ]
          },
          "private": "eyJlMmJmYjczMC1lY2FhLTExZTYtOGY4OC0zNDM2M2JjN2M0YzAiOnsiY3JlYXRlIjo2MDAwMDAwMDAwMDAsImRlbGV0ZSI6MTIwMDAwMDAwMDAwMCwidXBkYXRlIjo2MDAwMDAwMDAwMDB9LCJzY2hlbWFfdmVyc2lvbiI6IjEifQ==",
          "dependencies": [
            "aws_security_group.ssh-allowed",
            "aws_subnet.main-subnet-public-1"
          ]
        }
      ]
    },
    {
      "mode": "managed",
      "type": "aws_internet_gateway",
      "name": "main-igw",
      "provider": "provider.aws",
      "instances": [
        {
          "schema_version": 0,
          "attributes": {
            "id": "igw-0f6d9cf3e899b5ec1",
            "owner_id": "414081954578",
            "tags": {
              "Name": "main-igw"
            },
            "vpc_id": "vpc-0764255c48292bca5"
          },
          "private": "bnVsbA==",
          "dependencies": [
            "aws_vpc.main-vpc"
          ]
        }
      ]
    },
    {
      "mode": "managed",
      "type": "aws_route_table",
      "name": "main-public-crt",
      "provider": "provider.aws",
      "instances": [
        {
          "schema_version": 0,
          "attributes": {
            "id": "rtb-044e9042ccdc55c25",
            "owner_id": "414081954578",
            "propagating_vgws": [],
            "route": [
              {
                "cidr_block": "0.0.0.0/0",
                "egress_only_gateway_id": "",
                "gateway_id": "igw-0f6d9cf3e899b5ec1",
                "instance_id": "",
                "ipv6_cidr_block": "",
                "nat_gateway_id": "",
                "network_interface_id": "",
                "transit_gateway_id": "",
                "vpc_peering_connection_id": ""
              }
            ],
            "tags": {
              "Name": "main-public-crt"
            },
            "vpc_id": "vpc-0764255c48292bca5"
          },
          "private": "bnVsbA==",
          "dependencies": [
            "aws_internet_gateway.main-igw",
            "aws_vpc.main-vpc"
          ]
        }
      ]
    },
    {
      "mode": "managed",
      "type": "aws_route_table_association",
      "name": "main-crta-public-subnet-1",
      "provider": "provider.aws",
      "instances": [
        {
          "schema_version": 0,
          "attributes": {
            "gateway_id": null,
            "id": "rtbassoc-07cc330bf9b97e9da",
            "route_table_id": "rtb-044e9042ccdc55c25",
            "subnet_id": "subnet-0a627eb1e893c69a6"
          },
          "private": "bnVsbA==",
          "dependencies": [
            "aws_internet_gateway.main-igw",
            "aws_route_table.main-public-crt",
            "aws_subnet.main-subnet-public-1",
            "aws_vpc.main-vpc"
          ]
        }
      ]
    },
    {
      "mode": "managed",
      "type": "aws_security_group",
      "name": "ssh-allowed",
      "provider": "provider.aws",
      "instances": [
        {
          "schema_version": 1,
          "attributes": {
            "arn": "arn:aws:ec2:ap-south-1:414081954578:security-group/sg-07afb7d0a8f3c9864",
            "description": "Managed by Terraform",
            "egress": [
              {
                "cidr_blocks": [
                  "0.0.0.0/0"
                ],
                "description": "",
                "from_port": 0,
                "ipv6_cidr_blocks": [],
                "prefix_list_ids": [],
                "protocol": "-1",
                "security_groups": [],
                "self": false,
                "to_port": 0
              }
            ],
            "id": "sg-07afb7d0a8f3c9864",
            "ingress": [
              {
                "cidr_blocks": [
                  "0.0.0.0/0"
                ],
                "description": "",
                "from_port": 22,
                "ipv6_cidr_blocks": [],
                "prefix_list_ids": [],
                "protocol": "tcp",
                "security_groups": [],
                "self": false,
                "to_port": 22
              }
            ],
            "name": "terraform-20200428130132757400000001",
            "name_prefix": null,
            "owner_id": "414081954578",
            "revoke_rules_on_delete": false,
            "tags": {
              "Name": "ssh-db-allowed"
            },
            "timeouts": null,
            "vpc_id": "vpc-0764255c48292bca5"
          },
          "private": "eyJlMmJmYjczMC1lY2FhLTExZTYtOGY4OC0zNDM2M2JjN2M0YzAiOnsiY3JlYXRlIjo2MDAwMDAwMDAwMDAsImRlbGV0ZSI6NjAwMDAwMDAwMDAwfSwic2NoZW1hX3ZlcnNpb24iOiIxIn0=",
          "dependencies": [
            "aws_vpc.main-vpc"
          ]
        }
      ]
    },
    {
      "mode": "managed",
      "type": "aws_subnet",
      "name": "main-subnet-public-1",
      "provider": "provider.aws",
      "instances": [
        {
          "schema_version": 1,
          "attributes": {
            "arn": "arn:aws:ec2:ap-south-1:414081954578:subnet/subnet-0a627eb1e893c69a6",
            "assign_ipv6_address_on_creation": false,
            "availability_zone": "ap-south-1a",
            "availability_zone_id": "aps1-az1",
            "cidr_block": "10.0.1.0/24",
            "id": "subnet-0a627eb1e893c69a6",
            "ipv6_cidr_block": "",
            "ipv6_cidr_block_association_id": "",
            "map_public_ip_on_launch": true,
            "owner_id": "414081954578",
            "tags": {
              "Name": "main-subnet-public-1"
            },
            "timeouts": null,
            "vpc_id": "vpc-0764255c48292bca5"
          },
          "private": "eyJlMmJmYjczMC1lY2FhLTExZTYtOGY4OC0zNDM2M2JjN2M0YzAiOnsiY3JlYXRlIjo2MDAwMDAwMDAwMDAsImRlbGV0ZSI6MTIwMDAwMDAwMDAwMH0sInNjaGVtYV92ZXJzaW9uIjoiMSJ9",
          "dependencies": [
            "aws_vpc.main-vpc"
          ]
        }
      ]
    },
    {
      "mode": "managed",
      "type": "aws_vpc",
      "name": "main-vpc",
      "provider": "provider.aws",
      "instances": [
        {
          "schema_version": 1,
          "attributes": {
            "arn": "arn:aws:ec2:ap-south-1:414081954578:vpc/vpc-0764255c48292bca5",
            "assign_generated_ipv6_cidr_block": false,
            "cidr_block": "10.0.0.0/16",
            "default_network_acl_id": "acl-0691ccf8331e8be6b",
            "default_route_table_id": "rtb-053316bab7ea26aee",
            "default_security_group_id": "sg-0a6cd1b3b69790a52",
            "dhcp_options_id": "dopt-b0b24edb",
            "enable_classiclink": null,
            "enable_classiclink_dns_support": null,
            "enable_dns_hostnames": false,
            "enable_dns_support": true,
            "id": "vpc-0764255c48292bca5",
            "instance_tenancy": "default",
            "ipv6_association_id": "",
            "ipv6_cidr_block": "",
            "main_route_table_id": "rtb-053316bab7ea26aee",
            "owner_id": "414081954578",
            "tags": {
              "Name": "main-vpc"
            }
          },
          "private": "eyJzY2hlbWFfdmVyc2lvbiI6IjEifQ=="
        }
      ]
    }
  ]
}
